
Microsoft Visual Studio Solution File, Format Version 12.00
# Visual Studio Version 16
VisualStudioVersion = 16.0.29519.181
MinimumVisualStudioVersion = 10.0.40219.1
Project("{FAE04EC0-301F-11D3-BF4B-00C04F79EFBC}") = "MetroUIFramework", "MetroUIFramework\MetroUIFramework.csproj", "{C004ED49-CC53-4128-BC28-6395E1E18A0C}"
EndProject
Global
	GlobalSection(SolutionConfigurationPlatforms) = preSolution
		Debug|Any CPU = Debug|Any CPU
		Release|Any CPU = Release|Any CPU
	EndGlobalSection
	GlobalSection(ProjectConfigurationPlatforms) = postSolution
		{C004ED49-CC53-4128-BC28-6395E1E18A0C}.Debug|Any CPU.ActiveCfg = Debug|Any CPU
		{C004ED49-CC53-4128-BC28-6395E1E18A0C}.Debug|Any CPU.Build.0 = Debug|Any CPU
		{C004ED49-CC53-4128-BC28-6395E1E18A0C}.Release|Any CPU.ActiveCfg = Release|Any CPU
		{C004ED49-CC53-4128-BC28-6395E1E18A0C}.Release|Any CPU.Build.0 = Release|Any CPU
	EndGlobalSection
	GlobalSection(SolutionProperties) = preSolution
		HideSolutionNode = FALSE
	EndGlobalSection
	GlobalSection(ExtensibilityGlobals) = postSolution
		SolutionGuid = {FDDB25CA-A3CA-45D4-AA12-87C84F0E0B36}
	EndGlobalSection
EndGlobal
