
Microsoft Visual Studio Solution File, Format Version 12.00
# Visual Studio 15
VisualStudioVersion = 15.0.27004.2010
MinimumVisualStudioVersion = 10.0.40219.1
Project("{FAE04EC0-301F-11D3-BF4B-00C04F79EFBC}") = "Metrics_Dashboard", "Metrics_Dashboard\Metrics_Dashboard.csproj", "{12E0A92E-F919-4B65-8F3B-347BBD9F00DD}"
EndProject
Project("{FAE04EC0-301F-11D3-BF4B-00C04F79EFBC}") = "DAL", "DAL\DAL.csproj", "{50F37BDC-59B0-4216-8586-27F0BF8B9CE2}"
EndProject
Project("{FAE04EC0-301F-11D3-BF4B-00C04F79EFBC}") = "BLL", "BLL\BLL.csproj", "{349C3EF6-D64A-4730-AE72-5EF5C9D3A74A}"
EndProject
Global
	GlobalSection(SolutionConfigurationPlatforms) = preSolution
		Debug|Any CPU = Debug|Any CPU
		Release|Any CPU = Release|Any CPU
	EndGlobalSection
	GlobalSection(ProjectConfigurationPlatforms) = postSolution
		{12E0A92E-F919-4B65-8F3B-347BBD9F00DD}.Debug|Any CPU.ActiveCfg = Debug|Any CPU
		{12E0A92E-F919-4B65-8F3B-347BBD9F00DD}.Debug|Any CPU.Build.0 = Debug|Any CPU
		{12E0A92E-F919-4B65-8F3B-347BBD9F00DD}.Release|Any CPU.ActiveCfg = Release|Any CPU
		{12E0A92E-F919-4B65-8F3B-347BBD9F00DD}.Release|Any CPU.Build.0 = Release|Any CPU
		{50F37BDC-59B0-4216-8586-27F0BF8B9CE2}.Debug|Any CPU.ActiveCfg = Debug|Any CPU
		{50F37BDC-59B0-4216-8586-27F0BF8B9CE2}.Debug|Any CPU.Build.0 = Debug|Any CPU
		{50F37BDC-59B0-4216-8586-27F0BF8B9CE2}.Release|Any CPU.ActiveCfg = Release|Any CPU
		{50F37BDC-59B0-4216-8586-27F0BF8B9CE2}.Release|Any CPU.Build.0 = Release|Any CPU
		{349C3EF6-D64A-4730-AE72-5EF5C9D3A74A}.Debug|Any CPU.ActiveCfg = Debug|Any CPU
		{349C3EF6-D64A-4730-AE72-5EF5C9D3A74A}.Debug|Any CPU.Build.0 = Debug|Any CPU
		{349C3EF6-D64A-4730-AE72-5EF5C9D3A74A}.Release|Any CPU.ActiveCfg = Release|Any CPU
		{349C3EF6-D64A-4730-AE72-5EF5C9D3A74A}.Release|Any CPU.Build.0 = Release|Any CPU
	EndGlobalSection
	GlobalSection(SolutionProperties) = preSolution
		HideSolutionNode = FALSE
	EndGlobalSection
	GlobalSection(ExtensibilityGlobals) = postSolution
		SolutionGuid = {24A1D57B-5032-4A4A-8165-BB86D1CDF9E6}
	EndGlobalSection
EndGlobal
